
Microsoft Visual Studio Solution File, Format Version 12.00
# Visual Studio Version 17
VisualStudioVersion = 17.5.33414.496
MinimumVisualStudioVersion = 10.0.40219.1
Project("{FAE04EC0-301F-11D3-BF4B-00C04F79EFBC}") = "Metodologias de Desenvolvimento de Software - Parte 2", "Metodologias de Desenvolvimento de Software - Parte 2\Metodologias de Desenvolvimento de Software - Parte 2.csproj", "{7B1BAE88-7072-4075-B4B1-F2C666DFCA4F}"
EndProject
Global
	GlobalSection(SolutionConfigurationPlatforms) = preSolution
		Debug|Any CPU = Debug|Any CPU
		Release|Any CPU = Release|Any CPU
	EndGlobalSection
	GlobalSection(ProjectConfigurationPlatforms) = postSolution
		{7B1BAE88-7072-4075-B4B1-F2C666DFCA4F}.Debug|Any CPU.ActiveCfg = Debug|Any CPU
		{7B1BAE88-7072-4075-B4B1-F2C666DFCA4F}.Debug|Any CPU.Build.0 = Debug|Any CPU
		{7B1BAE88-7072-4075-B4B1-F2C666DFCA4F}.Release|Any CPU.ActiveCfg = Release|Any CPU
		{7B1BAE88-7072-4075-B4B1-F2C666DFCA4F}.Release|Any CPU.Build.0 = Release|Any CPU
	EndGlobalSection
	GlobalSection(SolutionProperties) = preSolution
		HideSolutionNode = FALSE
	EndGlobalSection
	GlobalSection(ExtensibilityGlobals) = postSolution
		SolutionGuid = {267F9FD2-5BA8-4521-A75D-D487AAD7A2E7}
	EndGlobalSection
EndGlobal
